<?xml version="1.0" encoding="utf-8"?>
<Project ToolsVersion="4.0" xmlns="http://schemas.microsoft.com/developer/msbuild/2003">
  <ItemGroup>
    <Filter Include="src">
      <UniqueIdentifier>{b2063b31-2de4-4524-a5b2-8d596e6a5c6c}</UniqueIdentifier>
    </Filter>
  </ItemGroup>
  <ItemGroup>
    <ClCompile Include="Archive.cpp">
      <Filter>src</Filter>
    </ClCompile>
    <ClCompile Include="FicApp.cpp">
      <Filter>src</Filter>
    </ClCompile>
    <ClCompile Include="main.cpp">
      <Filter>src</Filter>
    </ClCompile>
    <ClCompile Include="globals.cpp">
      <Filter>src</Filter>
    </ClCompile>
    <ClCompile Include="CsvParser.cpp">
      <Filter>src</Filter>
    </ClCompile>
    <ClCompile Include="CoordinaryPoint.cpp">
      <Filter>src</Filter>
    </ClCompile>
    <ClCompile Include="WorldMap.cpp">
      <Filter>src</Filter>
    </ClCompile>
    <ClCompile Include="Settlement.cpp">
      <Filter>src</Filter>
    </ClCompile>
    <ClCompile Include="Character.cpp">
      <Filter>src</Filter>
    </ClCompile>
    <ClCompile Include="XmlManager.cpp">
      <Filter>src</Filter>
    </ClCompile>
    <ClCompile Include="tinyxml2.cpp">
      <Filter>src</Filter>
    </ClCompile>
    <ClCompile Include="Place.cpp">
      <Filter>src</Filter>
    </ClCompile>
    <ClCompile Include="Room.cpp">
      <Filter>src</Filter>
    </ClCompile>
    <ClCompile Include="TextManager.cpp">
      <Filter>src</Filter>
    </ClCompile>
    <ClCompile Include="Region.cpp">
      <Filter>src</Filter>
    </ClCompile>
    <ClCompile Include="Group.cpp">
      <Filter>src</Filter>
    </ClCompile>
    <ClCompile Include="Ability.cpp">
      <Filter>src</Filter>
    </ClCompile>
    <ClCompile Include="Appearance.cpp">
      <Filter>src</Filter>
    </ClCompile>
    <ClCompile Include="Personality.cpp">
      <Filter>src</Filter>
    </ClCompile>
    <ClCompile Include="Relationship.cpp">
      <Filter>src</Filter>
    </ClCompile>
  </ItemGroup>
  <ItemGroup>
    <ClInclude Include="Archive.h">
      <Filter>src</Filter>
    </ClInclude>
    <ClInclude Include="FicApp.h">
      <Filter>src</Filter>
    </ClInclude>
    <ClInclude Include="globals.h">
      <Filter>src</Filter>
    </ClInclude>
    <ClInclude Include="CsvParser.h">
      <Filter>src</Filter>
    </ClInclude>
    <ClInclude Include="CoordinaryPoint.h">
      <Filter>src</Filter>
    </ClInclude>
    <ClInclude Include="WorldMap.h">
      <Filter>src</Filter>
    </ClInclude>
    <ClInclude Include="Settlement.h">
      <Filter>src</Filter>
    </ClInclude>
    <ClInclude Include="Character.h">
      <Filter>src</Filter>
    </ClInclude>
    <ClInclude Include="XmlManager.h">
      <Filter>src</Filter>
    </ClInclude>
    <ClInclude Include="tinyxml2.h">
      <Filter>src</Filter>
    </ClInclude>
    <ClInclude Include="Place.h">
      <Filter>src</Filter>
    </ClInclude>
    <ClInclude Include="Room.h">
      <Filter>src</Filter>
    </ClInclude>
    <ClInclude Include="TextManager.h">
      <Filter>src</Filter>
    </ClInclude>
    <ClInclude Include="Region.h">
      <Filter>src</Filter>
    </ClInclude>
    <ClInclude Include="Group.h">
      <Filter>src</Filter>
    </ClInclude>
    <ClInclude Include="Ability.h">
      <Filter>src</Filter>
    </ClInclude>
    <ClInclude Include="Appearance.h">
      <Filter>src</Filter>
    </ClInclude>
    <ClInclude Include="Personality.h">
      <Filter>src</Filter>
    </ClInclude>
    <ClInclude Include="Relationship.h">
      <Filter>src</Filter>
    </ClInclude>
  </ItemGroup>
</Project>